// !$*UTF8*$!
{
	archiveVersion = 1;
	classes = {
	};
	objectVersion = 55;
	objects = {

/* Begin PBXBuildFile section */
		A673D915B66579734DCBD1FF /* Pods_DragAndDropCollectionView.framework in Frameworks */ = {isa = PBXBuildFile; fileRef = A0528A13642330088A80469C /* Pods_DragAndDropCollectionView.framework */; };
		F0B2874D283BB0A700085E60 /* CustomCellMovingCollectionViewController.swift in Sources */ = {isa = PBXBuildFile; fileRef = F0B2874C283BB0A700085E60 /* CustomCellMovingCollectionViewController.swift */; };
		F0EA18A92832C95D00BB5F28 /* AppDelegate.swift in Sources */ = {isa = PBXBuildFile; fileRef = F0EA18A82832C95D00BB5F28 /* AppDelegate.swift */; };
		F0EA18AB2832C95D00BB5F28 /* SceneDelegate.swift in Sources */ = {isa = PBXBuildFile; fileRef = F0EA18AA2832C95D00BB5F28 /* SceneDelegate.swift */; };
		F0EA18AD2832C95D00BB5F28 /* CellMovingFromCollectionDelegateViewController.swift in Sources */ = {isa = PBXBuildFile; fileRef = F0EA18AC2832C95D00BB5F28 /* CellMovingFromCollectionDelegateViewController.swift */; };
		F0EA18B02832C95D00BB5F28 /* Main.storyboard in Resources */ = {isa = PBXBuildFile; fileRef = F0EA18AE2832C95D00BB5F28 /* Main.storyboard */; };
		F0EA18B22832C95E00BB5F28 /* Assets.xcassets in Resources */ = {isa = PBXBuildFile; fileRef = F0EA18B12832C95E00BB5F28 /* Assets.xcassets */; };
		F0EA18B52832C95E00BB5F28 /* LaunchScreen.storyboard in Resources */ = {isa = PBXBuildFile; fileRef = F0EA18B32832C95E00BB5F28 /* LaunchScreen.storyboard */; };
		F0EA18BD2832E7EA00BB5F28 /* NewCollectionViewController.swift in Sources */ = {isa = PBXBuildFile; fileRef = F0EA18BC2832E7EA00BB5F28 /* NewCollectionViewController.swift */; };
		F0EA18BF2832E95800BB5F28 /* CollectionViewCell.swift in Sources */ = {isa = PBXBuildFile; fileRef = F0EA18BE2832E95800BB5F28 /* CollectionViewCell.swift */; };
/* End PBXBuildFile section */

/* Begin PBXFileReference section */
		02E47761BC6214436909B70C /* Pods-DragAndDropCollectionView.debug.xcconfig */ = {isa = PBXFileReference; includeInIndex = 1; lastKnownFileType = text.xcconfig; name = "Pods-DragAndDropCollectionView.debug.xcconfig"; path = "Target Support Files/Pods-DragAndDropCollectionView/Pods-DragAndDropCollectionView.debug.xcconfig"; sourceTree = "<group>"; };
		6C8DB5E37F96A9CCDBF7E8D3 /* Pods-DragAndDropCollectionView.release.xcconfig */ = {isa = PBXFileReference; includeInIndex = 1; lastKnownFileType = text.xcconfig; name = "Pods-DragAndDropCollectionView.release.xcconfig"; path = "Target Support Files/Pods-DragAndDropCollectionView/Pods-DragAndDropCollectionView.release.xcconfig"; sourceTree = "<group>"; };
		A0528A13642330088A80469C /* Pods_DragAndDropCollectionView.framework */ = {isa = PBXFileReference; explicitFileType = wrapper.framework; includeInIndex = 0; path = Pods_DragAndDropCollectionView.framework; sourceTree = BUILT_PRODUCTS_DIR; };
		F0B2874C283BB0A700085E60 /* CustomCellMovingCollectionViewController.swift */ = {isa = PBXFileReference; lastKnownFileType = sourcecode.swift; path = CustomCellMovingCollectionViewController.swift; sourceTree = "<group>"; };
		F0EA18A52832C95D00BB5F28 /* DragAndDropCollectionView.app */ = {isa = PBXFileReference; explicitFileType = wrapper.application; includeInIndex = 0; path = DragAndDropCollectionView.app; sourceTree = BUILT_PRODUCTS_DIR; };
		F0EA18A82832C95D00BB5F28 /* AppDelegate.swift */ = {isa = PBXFileReference; lastKnownFileType = sourcecode.swift; path = AppDelegate.swift; sourceTree = "<group>"; };
		F0EA18AA2832C95D00BB5F28 /* SceneDelegate.swift */ = {isa = PBXFileReference; lastKnownFileType = sourcecode.swift; path = SceneDelegate.swift; sourceTree = "<group>"; };
		F0EA18AC2832C95D00BB5F28 /* CellMovingFromCollectionDelegateViewController.swift */ = {isa = PBXFileReference; indentWidth = 3; lastKnownFileType = sourcecode.swift; path = CellMovingFromCollectionDelegateViewController.swift; sourceTree = "<group>"; };
		F0EA18AF2832C95D00BB5F28 /* Base */ = {isa = PBXFileReference; lastKnownFileType = file.storyboard; name = Base; path = Base.lproj/Main.storyboard; sourceTree = "<group>"; };
		F0EA18B12832C95E00BB5F28 /* Assets.xcassets */ = {isa = PBXFileReference; lastKnownFileType = folder.assetcatalog; path = Assets.xcassets; sourceTree = "<group>"; };
		F0EA18B42832C95E00BB5F28 /* Base */ = {isa = PBXFileReference; lastKnownFileType = file.storyboard; name = Base; path = Base.lproj/LaunchScreen.storyboard; sourceTree = "<group>"; };
		F0EA18B62832C95E00BB5F28 /* Info.plist */ = {isa = PBXFileReference; lastKnownFileType = text.plist.xml; path = Info.plist; sourceTree = "<group>"; };
		F0EA18BC2832E7EA00BB5F28 /* NewCollectionViewController.swift */ = {isa = PBXFileReference; lastKnownFileType = sourcecode.swift; path = NewCollectionViewController.swift; sourceTree = "<group>"; };
		F0EA18BE2832E95800BB5F28 /* CollectionViewCell.swift */ = {isa = PBXFileReference; lastKnownFileType = sourcecode.swift; path = CollectionViewCell.swift; sourceTree = "<group>"; };
/* End PBXFileReference section */

/* Begin PBXFrameworksBuildPhase section */
		F0EA18A22832C95D00BB5F28 /* Frameworks */ = {
			isa = PBXFrameworksBuildPhase;
			buildActionMask = 2147483647;
			files = (
				A673D915B66579734DCBD1FF /* Pods_DragAndDropCollectionView.framework in Frameworks */,
			);
			runOnlyForDeploymentPostprocessing = 0;
		};
/* End PBXFrameworksBuildPhase section */

/* Begin PBXGroup section */
		4960F603683CC7F7A21F4A6B /* Pods */ = {
			isa = PBXGroup;
			children = (
				02E47761BC6214436909B70C /* Pods-DragAndDropCollectionView.debug.xcconfig */,
				6C8DB5E37F96A9CCDBF7E8D3 /* Pods-DragAndDropCollectionView.release.xcconfig */,
			);
			path = Pods;
			sourceTree = "<group>";
		};
		E49BAC1AC9C854F75493CE38 /* Frameworks */ = {
			isa = PBXGroup;
			children = (
				A0528A13642330088A80469C /* Pods_DragAndDropCollectionView.framework */,
			);
			name = Frameworks;
			sourceTree = "<group>";
		};
		F0CCEF0E283464F700892D48 /* View */ = {
			isa = PBXGroup;
			children = (
				F0EA18BE2832E95800BB5F28 /* CollectionViewCell.swift */,
			);
			path = View;
			sourceTree = "<group>";
		};
		F0EA189C2832C95C00BB5F28 = {
			isa = PBXGroup;
			children = (
				F0EA18A72832C95D00BB5F28 /* DragAndDropCollectionView */,
				F0EA18A62832C95D00BB5F28 /* Products */,
				4960F603683CC7F7A21F4A6B /* Pods */,
				E49BAC1AC9C854F75493CE38 /* Frameworks */,
			);
			sourceTree = "<group>";
		};
		F0EA18A62832C95D00BB5F28 /* Products */ = {
			isa = PBXGroup;
			children = (
				F0EA18A52832C95D00BB5F28 /* DragAndDropCollectionView.app */,
			);
			name = Products;
			sourceTree = "<group>";
		};
		F0EA18A72832C95D00BB5F28 /* DragAndDropCollectionView */ = {
			isa = PBXGroup;
			children = (
				F0CCEF0E283464F700892D48 /* View */,
				F0EA18A82832C95D00BB5F28 /* AppDelegate.swift */,
				F0EA18AA2832C95D00BB5F28 /* SceneDelegate.swift */,
				F0EA18AC2832C95D00BB5F28 /* CellMovingFromCollectionDelegateViewController.swift */,
				F0B2874C283BB0A700085E60 /* CustomCellMovingCollectionViewController.swift */,
				F0EA18BC2832E7EA00BB5F28 /* NewCollectionViewController.swift */,
				F0EA18AE2832C95D00BB5F28 /* Main.storyboard */,
				F0EA18B12832C95E00BB5F28 /* Assets.xcassets */,
				F0EA18B32832C95E00BB5F28 /* LaunchScreen.storyboard */,
				F0EA18B62832C95E00BB5F28 /* Info.plist */,
			);
			path = DragAndDropCollectionView;
			sourceTree = "<group>";
		};
/* End PBXGroup section */

/* Begin PBXNativeTarget section */
		F0EA18A42832C95D00BB5F28 /* DragAndDropCollectionView */ = {
			isa = PBXNativeTarget;
			buildConfigurationList = F0EA18B92832C95E00BB5F28 /* Build configuration list for PBXNativeTarget "DragAndDropCollectionView" */;
			buildPhases = (
				2C50C4C93D97FA8046CAF272 /* [CP] Check Pods Manifest.lock */,
				F0EA18A12832C95D00BB5F28 /* Sources */,
				F0EA18A22832C95D00BB5F28 /* Frameworks */,
				F0EA18A32832C95D00BB5F28 /* Resources */,
				F5123C305AF39341A726EEEB /* [CP] Embed Pods Frameworks */,
			);
			buildRules = (
			);
			dependencies = (
			);
			name = DragAndDropCollectionView;
			productName = DragAndDropCollectionView;
			productReference = F0EA18A52832C95D00BB5F28 /* DragAndDropCollectionView.app */;
			productType = "com.apple.product-type.application";
		};
/* End PBXNativeTarget section */

/* Begin PBXProject section */
		F0EA189D2832C95C00BB5F28 /* Project object */ = {
			isa = PBXProject;
			attributes = {
				BuildIndependentTargetsInParallel = 1;
				LastSwiftUpdateCheck = 1330;
				LastUpgradeCheck = 1330;
				TargetAttributes = {
					F0EA18A42832C95D00BB5F28 = {
						CreatedOnToolsVersion = 13.3;
					};
				};
			};
			buildConfigurationList = F0EA18A02832C95C00BB5F28 /* Build configuration list for PBXProject "DragAndDropCollectionView" */;
			compatibilityVersion = "Xcode 13.0";
			developmentRegion = en;
			hasScannedForEncodings = 0;
			knownRegions = (
				en,
				Base,
			);
			mainGroup = F0EA189C2832C95C00BB5F28;
			productRefGroup = F0EA18A62832C95D00BB5F28 /* Products */;
			projectDirPath = "";
			projectRoot = "";
			targets = (
				F0EA18A42832C95D00BB5F28 /* DragAndDropCollectionView */,
			);
		};
/* End PBXProject section */

/* Begin PBXResourcesBuildPhase section */
		F0EA18A32832C95D00BB5F28 /* Resources */ = {
			isa = PBXResourcesBuildPhase;
			buildActionMask = 2147483647;
			files = (
				F0EA18B52832C95E00BB5F28 /* LaunchScreen.storyboard in Resources */,
				F0EA18B22832C95E00BB5F28 /* Assets.xcassets in Resources */,
				F0EA18B02832C95D00BB5F28 /* Main.storyboard in Resources */,
			);
			runOnlyForDeploymentPostprocessing = 0;
		};
/* End PBXResourcesBuildPhase section */

/* Begin PBXShellScriptBuildPhase section */
		2C50C4C93D97FA8046CAF272 /* [CP] Check Pods Manifest.lock */ = {
			isa = PBXShellScriptBuildPhase;
			buildActionMask = 2147483647;
			files = (
			);
			inputFileListPaths = (
			);
			inputPaths = (
				"${PODS_PODFILE_DIR_PATH}/Podfile.lock",
				"${PODS_ROOT}/Manifest.lock",
			);
			name = "[CP] Check Pods Manifest.lock";
			outputFileListPaths = (
			);
			outputPaths = (
				"$(DERIVED_FILE_DIR)/Pods-DragAndDropCollectionView-checkManifestLockResult.txt",
			);
			runOnlyForDeploymentPostprocessing = 0;
			shellPath = /bin/sh;
			shellScript = "diff \"${PODS_PODFILE_DIR_PATH}/Podfile.lock\" \"${PODS_ROOT}/Manifest.lock\" > /dev/null\nif [ $? != 0 ] ; then\n    # print error to STDERR\n    echo \"error: The sandbox is not in sync with the Podfile.lock. Run 'pod install' or update your CocoaPods installation.\" >&2\n    exit 1\nfi\n# This output is used by Xcode 'outputs' to avoid re-running this script phase.\necho \"SUCCESS\" > \"${SCRIPT_OUTPUT_FILE_0}\"\n";
			showEnvVarsInLog = 0;
		};
		F5123C305AF39341A726EEEB /* [CP] Embed Pods Frameworks */ = {
			isa = PBXShellScriptBuildPhase;
			buildActionMask = 2147483647;
			files = (
			);
			inputFileListPaths = (
				"${PODS_ROOT}/Target Support Files/Pods-DragAndDropCollectionView/Pods-DragAndDropCollectionView-frameworks-${CONFIGURATION}-input-files.xcfilelist",
			);
			name = "[CP] Embed Pods Frameworks";
			outputFileListPaths = (
				"${PODS_ROOT}/Target Support Files/Pods-DragAndDropCollectionView/Pods-DragAndDropCollectionView-frameworks-${CONFIGURATION}-output-files.xcfilelist",
			);
			runOnlyForDeploymentPostprocessing = 0;
			shellPath = /bin/sh;
			shellScript = "\"${PODS_ROOT}/Target Support Files/Pods-DragAndDropCollectionView/Pods-DragAndDropCollectionView-frameworks.sh\"\n";
			showEnvVarsInLog = 0;
		};
/* End PBXShellScriptBuildPhase section */

/* Begin PBXSourcesBuildPhase section */
		F0EA18A12832C95D00BB5F28 /* Sources */ = {
			isa = PBXSourcesBuildPhase;
			buildActionMask = 2147483647;
			files = (
				F0EA18BF2832E95800BB5F28 /* CollectionViewCell.swift in Sources */,
				F0EA18AD2832C95D00BB5F28 /* CellMovingFromCollectionDelegateViewController.swift in Sources */,
				F0EA18A92832C95D00BB5F28 /* AppDelegate.swift in Sources */,
				F0EA18AB2832C95D00BB5F28 /* SceneDelegate.swift in Sources */,
				F0EA18BD2832E7EA00BB5F28 /* NewCollectionViewController.swift in Sources */,
				F0B2874D283BB0A700085E60 /* CustomCellMovingCollectionViewController.swift in Sources */,
			);
			runOnlyForDeploymentPostprocessing = 0;
		};
/* End PBXSourcesBuildPhase section */

/* Begin PBXVariantGroup section */
		F0EA18AE2832C95D00BB5F28 /* Main.storyboard */ = {
			isa = PBXVariantGroup;
			children = (
				F0EA18AF2832C95D00BB5F28 /* Base */,
			);
			name = Main.storyboard;
			sourceTree = "<group>";
		};
		F0EA18B32832C95E00BB5F28 /* LaunchScreen.storyboard */ = {
			isa = PBXVariantGroup;
			children = (
				F0EA18B42832C95E00BB5F28 /* Base */,
			);
			name = LaunchScreen.storyboard;
			sourceTree = "<group>";
		};
/* End PBXVariantGroup section */

/* Begin XCBuildConfiguration section */
		F0EA18B72832C95E00BB5F28 /* Debug */ = {
			isa = XCBuildConfiguration;
			buildSettings = {
				ALWAYS_SEARCH_USER_PATHS = NO;
				CLANG_ANALYZER_NONNULL = YES;
				CLANG_ANALYZER_NUMBER_OBJECT_CONVERSION = YES_AGGRESSIVE;
				CLANG_CXX_LANGUAGE_STANDARD = "gnu++17";
				CLANG_ENABLE_MODULES = YES;
				CLANG_ENABLE_OBJC_ARC = YES;
				CLANG_ENABLE_OBJC_WEAK = YES;
				CLANG_WARN_BLOCK_CAPTURE_AUTORELEASING = YES;
				CLANG_WARN_BOOL_CONVERSION = YES;
				CLANG_WARN_COMMA = YES;
				CLANG_WARN_CONSTANT_CONVERSION = YES;
				CLANG_WARN_DEPRECATED_OBJC_IMPLEMENTATIONS = YES;
				CLANG_WARN_DIRECT_OBJC_ISA_USAGE = YES_ERROR;
				CLANG_WARN_DOCUMENTATION_COMMENTS = YES;
				CLANG_WARN_EMPTY_BODY = YES;
				CLANG_WARN_ENUM_CONVERSION = YES;
				CLANG_WARN_INFINITE_RECURSION = YES;
				CLANG_WARN_INT_CONVERSION = YES;
				CLANG_WARN_NON_LITERAL_NULL_CONVERSION = YES;
				CLANG_WARN_OBJC_IMPLICIT_RETAIN_SELF = YES;
				CLANG_WARN_OBJC_LITERAL_CONVERSION = YES;
				CLANG_WARN_OBJC_ROOT_CLASS = YES_ERROR;
				CLANG_WARN_QUOTED_INCLUDE_IN_FRAMEWORK_HEADER = YES;
				CLANG_WARN_RANGE_LOOP_ANALYSIS = YES;
				CLANG_WARN_STRICT_PROTOTYPES = YES;
				CLANG_WARN_SUSPICIOUS_MOVE = YES;
				CLANG_WARN_UNGUARDED_AVAILABILITY = YES_AGGRESSIVE;
				CLANG_WARN_UNREACHABLE_CODE = YES;
				CLANG_WARN__DUPLICATE_METHOD_MATCH = YES;
				COPY_PHASE_STRIP = NO;
				DEBUG_INFORMATION_FORMAT = dwarf;
				ENABLE_STRICT_OBJC_MSGSEND = YES;
				ENABLE_TESTABILITY = YES;
				GCC_C_LANGUAGE_STANDARD = gnu11;
				GCC_DYNAMIC_NO_PIC = NO;
				GCC_NO_COMMON_BLOCKS = YES;
				GCC_OPTIMIZATION_LEVEL = 0;
				GCC_PREPROCESSOR_DEFINITIONS = (
					"DEBUG=1",
					"$(inherited)",
				);
				GCC_WARN_64_TO_32_BIT_CONVERSION = YES;
				GCC_WARN_ABOUT_RETURN_TYPE = YES_ERROR;
				GCC_WARN_UNDECLARED_SELECTOR = YES;
				GCC_WARN_UNINITIALIZED_AUTOS = YES_AGGRESSIVE;
				GCC_WARN_UNUSED_FUNCTION = YES;
				GCC_WARN_UNUSED_VARIABLE = YES;
				IPHONEOS_DEPLOYMENT_TARGET = 15.4;
				MTL_ENABLE_DEBUG_INFO = INCLUDE_SOURCE;
				MTL_FAST_MATH = YES;
				ONLY_ACTIVE_ARCH = YES;
				SDKROOT = iphoneos;
				SWIFT_ACTIVE_COMPILATION_CONDITIONS = DEBUG;
				SWIFT_OPTIMIZATION_LEVEL = "-Onone";
			};
			name = Debug;
		};
		F0EA18B82832C95E00BB5F28 /* Release */ = {
			isa = XCBuildConfiguration;
			buildSettings = {
				ALWAYS_SEARCH_USER_PATHS = NO;
				CLANG_ANALYZER_NONNULL = YES;
				CLANG_ANALYZER_NUMBER_OBJECT_CONVERSION = YES_AGGRESSIVE;
				CLANG_CXX_LANGUAGE_STANDARD = "gnu++17";
				CLANG_ENABLE_MODULES = YES;
				CLANG_ENABLE_OBJC_ARC = YES;
				CLANG_ENABLE_OBJC_WEAK = YES;
				CLANG_WARN_BLOCK_CAPTURE_AUTORELEASING = YES;
				CLANG_WARN_BOOL_CONVERSION = YES;
				CLANG_WARN_COMMA = YES;
				CLANG_WARN_CONSTANT_CONVERSION = YES;
				CLANG_WARN_DEPRECATED_OBJC_IMPLEMENTATIONS = YES;
				CLANG_WARN_DIRECT_OBJC_ISA_USAGE = YES_ERROR;
				CLANG_WARN_DOCUMENTATION_COMMENTS = YES;
				CLANG_WARN_EMPTY_BODY = YES;
				CLANG_WARN_ENUM_CONVERSION = YES;
				CLANG_WARN_INFINITE_RECURSION = YES;
				CLANG_WARN_INT_CONVERSION = YES;
				CLANG_WARN_NON_LITERAL_NULL_CONVERSION = YES;
				CLANG_WARN_OBJC_IMPLICIT_RETAIN_SELF = YES;
				CLANG_WARN_OBJC_LITERAL_CONVERSION = YES;
				CLANG_WARN_OBJC_ROOT_CLASS = YES_ERROR;
				CLANG_WARN_QUOTED_INCLUDE_IN_FRAMEWORK_HEADER = YES;
				CLANG_WARN_RANGE_LOOP_ANALYSIS = YES;
				CLANG_WARN_STRICT_PROTOTYPES = YES;
				CLANG_WARN_SUSPICIOUS_MOVE = YES;
				CLANG_WARN_UNGUARDED_AVAILABILITY = YES_AGGRESSIVE;
				CLANG_WARN_UNREACHABLE_CODE = YES;
				CLANG_WARN__DUPLICATE_METHOD_MATCH = YES;
				COPY_PHASE_STRIP = NO;
				DEBUG_INFORMATION_FORMAT = "dwarf-with-dsym";
				ENABLE_NS_ASSERTIONS = NO;
				ENABLE_STRICT_OBJC_MSGSEND = YES;
				GCC_C_LANGUAGE_STANDARD = gnu11;
				GCC_NO_COMMON_BLOCKS = YES;
				GCC_WARN_64_TO_32_BIT_CONVERSION = YES;
				GCC_WARN_ABOUT_RETURN_TYPE = YES_ERROR;
				GCC_WARN_UNDECLARED_SELECTOR = YES;
				GCC_WARN_UNINITIALIZED_AUTOS = YES_AGGRESSIVE;
				GCC_WARN_UNUSED_FUNCTION = YES;
				GCC_WARN_UNUSED_VARIABLE = YES;
				IPHONEOS_DEPLOYMENT_TARGET = 15.4;
				MTL_ENABLE_DEBUG_INFO = NO;
				MTL_FAST_MATH = YES;
				SDKROOT = iphoneos;
				SWIFT_COMPILATION_MODE = wholemodule;
				SWIFT_OPTIMIZATION_LEVEL = "-O";
				VALIDATE_PRODUCT = YES;
			};
			name = Release;
		};
		F0EA18BA2832C95E00BB5F28 /* Debug */ = {
			isa = XCBuildConfiguration;
			baseConfigurationReference = 02E47761BC6214436909B70C /* Pods-DragAndDropCollectionView.debug.xcconfig */;
			buildSettings = {
				ASSETCATALOG_COMPILER_APPICON_NAME = AppIcon;
				ASSETCATALOG_COMPILER_GLOBAL_ACCENT_COLOR_NAME = AccentColor;
				CODE_SIGN_STYLE = Automatic;
				CURRENT_PROJECT_VERSION = 1;
				DEVELOPMENT_TEAM = QA5P85RJWN;
				GENERATE_INFOPLIST_FILE = YES;
				INFOPLIST_FILE = DragAndDropCollectionView/Info.plist;
				INFOPLIST_KEY_UIApplicationSupportsIndirectInputEvents = YES;
				INFOPLIST_KEY_UILaunchStoryboardName = LaunchScreen;
				INFOPLIST_KEY_UIMainStoryboardFile = Main;
				INFOPLIST_KEY_UISupportedInterfaceOrientations_iPad = "UIInterfaceOrientationPortrait UIInterfaceOrientationPortraitUpsideDown UIInterfaceOrientationLandscapeLeft UIInterfaceOrientationLandscapeRight";
				INFOPLIST_KEY_UISupportedInterfaceOrientations_iPhone = "UIInterfaceOrientationPortrait UIInterfaceOrientationLandscapeLeft UIInterfaceOrientationLandscapeRight";
				LD_RUNPATH_SEARCH_PATHS = (
					"$(inherited)",
					"@executable_path/Frameworks",
				);
				MARKETING_VERSION = 1.0;
				PRODUCT_BUNDLE_IDENTIFIER = com.suy.DragAndDropCollectionView;
				PRODUCT_NAME = "$(TARGET_NAME)";
				SWIFT_EMIT_LOC_STRINGS = YES;
				SWIFT_VERSION = 5.0;
				TARGETED_DEVICE_FAMILY = "1,2";
			};
			name = Debug;
		};
		F0EA18BB2832C95E00BB5F28 /* Release */ = {
			isa = XCBuildConfiguration;
			baseConfigurationReference = 6C8DB5E37F96A9CCDBF7E8D3 /* Pods-DragAndDropCollectionView.release.xcconfig */;
			buildSettings = {
				ASSETCATALOG_COMPILER_APPICON_NAME = AppIcon;
				ASSETCATALOG_COMPILER_GLOBAL_ACCENT_COLOR_NAME = AccentColor;
				CODE_SIGN_STYLE = Automatic;
				CURRENT_PROJECT_VERSION = 1;
				DEVELOPMENT_TEAM = QA5P85RJWN;
				GENERATE_INFOPLIST_FILE = YES;
				INFOPLIST_FILE = DragAndDropCollectionView/Info.plist;
				INFOPLIST_KEY_UIApplicationSupportsIndirectInputEvents = YES;
				INFOPLIST_KEY_UILaunchStoryboardName = LaunchScreen;
				INFOPLIST_KEY_UIMainStoryboardFile = Main;
				INFOPLIST_KEY_UISupportedInterfaceOrientations_iPad = "UIInterfaceOrientationPortrait UIInterfaceOrientationPortraitUpsideDown UIInterfaceOrientationLandscapeLeft UIInterfaceOrientationLandscapeRight";
				INFOPLIST_KEY_UISupportedInterfaceOrientations_iPhone = "UIInterfaceOrientationPortrait UIInterfaceOrientationLandscapeLeft UIInterfaceOrientationLandscapeRight";
				LD_RUNPATH_SEARCH_PATHS = (
					"$(inherited)",
					"@executable_path/Frameworks",
				);
				MARKETING_VERSION = 1.0;
				PRODUCT_BUNDLE_IDENTIFIER = com.suy.DragAndDropCollectionView;
				PRODUCT_NAME = "$(TARGET_NAME)";
				SWIFT_EMIT_LOC_STRINGS = YES;
				SWIFT_VERSION = 5.0;
				TARGETED_DEVICE_FAMILY = "1,2";
			};
			name = Release;
		};
/* End XCBuildConfiguration section */

/* Begin XCConfigurationList section */
		F0EA18A02832C95C00BB5F28 /* Build configuration list for PBXProject "DragAndDropCollectionView" */ = {
			isa = XCConfigurationList;
			buildConfigurations = (
				F0EA18B72832C95E00BB5F28 /* Debug */,
				F0EA18B82832C95E00BB5F28 /* Release */,
			);
			defaultConfigurationIsVisible = 0;
			defaultConfigurationName = Release;
		};
		F0EA18B92832C95E00BB5F28 /* Build configuration list for PBXNativeTarget "DragAndDropCollectionView" */ = {
			isa = XCConfigurationList;
			buildConfigurations = (
				F0EA18BA2832C95E00BB5F28 /* Debug */,
				F0EA18BB2832C95E00BB5F28 /* Release */,
			);
			defaultConfigurationIsVisible = 0;
			defaultConfigurationName = Release;
		};
/* End XCConfigurationList section */
	};
	rootObject = F0EA189D2832C95C00BB5F28 /* Project object */;
}
